
Microsoft Visual Studio Solution File, Format Version 12.00
# Visual Studio Version 16
VisualStudioVersion = 16.0.31515.178
MinimumVisualStudioVersion = 10.0.40219.1
Project("{FAE04EC0-301F-11D3-BF4B-00C04F79EFBC}") = "FileReadAndWrite", "FileReadAndWrite.csproj", "{ED678D74-64BE-4983-B5B6-603657B398B1}"
EndProject
Global
	GlobalSection(SolutionConfigurationPlatforms) = preSolution
		Debug|Any CPU = Debug|Any CPU
		Release|Any CPU = Release|Any CPU
	EndGlobalSection
	GlobalSection(ProjectConfigurationPlatforms) = postSolution
		{ED678D74-64BE-4983-B5B6-603657B398B1}.Debug|Any CPU.ActiveCfg = Debug|Any CPU
		{ED678D74-64BE-4983-B5B6-603657B398B1}.Debug|Any CPU.Build.0 = Debug|Any CPU
		{ED678D74-64BE-4983-B5B6-603657B398B1}.Release|Any CPU.ActiveCfg = Release|Any CPU
		{ED678D74-64BE-4983-B5B6-603657B398B1}.Release|Any CPU.Build.0 = Release|Any CPU
	EndGlobalSection
	GlobalSection(SolutionProperties) = preSolution
		HideSolutionNode = FALSE
	EndGlobalSection
	GlobalSection(ExtensibilityGlobals) = postSolution
		SolutionGuid = {472AAD99-3A62-4989-B638-FAD9F6485BF5}
	EndGlobalSection
EndGlobal
